
Microsoft Visual Studio Solution File, Format Version 12.00
# Visual Studio Version 17
VisualStudioVersion = 17.10.34928.147
MinimumVisualStudioVersion = 10.0.40219.1
Project("{FAE04EC0-301F-11D3-BF4B-00C04F79EFBC}") = "Dashboard", "Dashboard\Dashboard.csproj", "{4DBDB57B-A536-40BA-940E-229CFB419FB4}"
EndProject
Global
	GlobalSection(SolutionConfigurationPlatforms) = preSolution
		Debug|Any CPU = Debug|Any CPU
		Release|Any CPU = Release|Any CPU
	EndGlobalSection
	GlobalSection(ProjectConfigurationPlatforms) = postSolution
		{4DBDB57B-A536-40BA-940E-229CFB419FB4}.Debug|Any CPU.ActiveCfg = Debug|Any CPU
		{4DBDB57B-A536-40BA-940E-229CFB419FB4}.Debug|Any CPU.Build.0 = Debug|Any CPU
		{4DBDB57B-A536-40BA-940E-229CFB419FB4}.Release|Any CPU.ActiveCfg = Release|Any CPU
		{4DBDB57B-A536-40BA-940E-229CFB419FB4}.Release|Any CPU.Build.0 = Release|Any CPU
	EndGlobalSection
	GlobalSection(SolutionProperties) = preSolution
		HideSolutionNode = FALSE
	EndGlobalSection
	GlobalSection(ExtensibilityGlobals) = postSolution
		SolutionGuid = {46132280-48D4-4100-8C7A-53EED9C1377E}
	EndGlobalSection
EndGlobal
